
Microsoft Visual Studio Solution File, Format Version 12.00
# Visual Studio Version 17
VisualStudioVersion = 17.11.35312.102
MinimumVisualStudioVersion = 10.0.40219.1
Project("{9A19103F-16F7-4668-BE54-9A1E7A4F7556}") = "pva.SuperV.Engine", "pva.SuperV.Engine\pva.SuperV.Engine.csproj", "{5FF2C499-37EB-495B-A733-9BA1E6BAC290}"
EndProject
Project("{FAE04EC0-301F-11D3-BF4B-00C04F79EFBC}") = "pva.SuperV.EngineTests", "pva.SuperV.EngineTests\pva.SuperV.EngineTests.csproj", "{B1A7BC08-E7D6-44F2-A52E-5D728F064E7F}"
EndProject
Project("{FAE04EC0-301F-11D3-BF4B-00C04F79EFBC}") = "pva.SuperV.Benchmarks", "pva.SuperV.Benchmarks\pva.SuperV.Benchmarks.csproj", "{4A87CADF-4055-47AC-B704-AA169A1A57F4}"
EndProject
Project("{FAE04EC0-301F-11D3-BF4B-00C04F79EFBC}") = "pva.Helpers", "pva.Helpers\pva.Helpers.csproj", "{00370AA6-4092-479F-90B4-201FA641B350}"
EndProject
Project("{2150E333-8FDC-42A3-9474-1A3956D46DE8}") = "Solution Items", "Solution Items", "{3F372F59-056F-4D2E-B940-8A5BD95DD255}"
	ProjectSection(SolutionItems) = preProject
		.gitignore = .gitignore
		Directory.Build.targets = Directory.Build.targets
		.github\workflows\dotnet-ubuntu.yml = .github\workflows\dotnet-ubuntu.yml
		TDengine\install-TDengine-client.sh = TDengine\install-TDengine-client.sh
		README.md = README.md
		drawings\Structure.drawio = drawings\Structure.drawio
		drawings\Structure.drawio.png = drawings\Structure.drawio.png
	EndProjectSection
EndProject
Project("{FAE04EC0-301F-11D3-BF4B-00C04F79EFBC}") = "pva.SuperV.Api", "pva.SuperV.Api\pva.SuperV.Api.csproj", "{C1374A7E-7E2F-41B2-842E-D05EF1D890B7}"
EndProject
Project("{FAE04EC0-301F-11D3-BF4B-00C04F79EFBC}") = "pva.SuperV.Model", "pva.SuperV.Model\pva.SuperV.Model.csproj", "{13225DF8-71F7-45F7-88EE-87FDC756869B}"
EndProject
Project("{FAE04EC0-301F-11D3-BF4B-00C04F79EFBC}") = "pva.SuperV.ApiTests", "pva.SuperV.ApiTests\pva.SuperV.ApiTests.csproj", "{39700329-AD78-44DC-A582-2245299BABC4}"
	ProjectSection(ProjectDependencies) = postProject
		{13225DF8-71F7-45F7-88EE-87FDC756869B} = {13225DF8-71F7-45F7-88EE-87FDC756869B}
		{C1374A7E-7E2F-41B2-842E-D05EF1D890B7} = {C1374A7E-7E2F-41B2-842E-D05EF1D890B7}
	EndProjectSection
EndProject
Project("{FAE04EC0-301F-11D3-BF4B-00C04F79EFBC}") = "pva.SuperV.TestsScenarios", "pva.SuperV.TestsScenarios\pva.SuperV.TestsScenarios.csproj", "{68620CA5-55E1-46C4-95BC-D5D23A7D32FE}"
EndProject
Project("{FAE04EC0-301F-11D3-BF4B-00C04F79EFBC}") = "pva.SuperV.Blazor", "pva.SuperV.Blazor\pva.SuperV.Blazor\pva.SuperV.Blazor.csproj", "{6BFF67A8-1773-430E-8B6C-3FE002834046}"
EndProject
Project("{FAE04EC0-301F-11D3-BF4B-00C04F79EFBC}") = "pva.SuperV.Blazor.Client", "pva.SuperV.Blazor\pva.SuperV.Blazor.Client\pva.SuperV.Blazor.Client.csproj", "{7E92F3BB-A4B2-4874-AFD3-A88FEB28517C}"
EndProject
Project("{FAE04EC0-301F-11D3-BF4B-00C04F79EFBC}") = "pva.SuperV.AspireAppHost", "pva.SuperV.AspireAppHost\pva.SuperV.AspireAppHost.csproj", "{1540F0BA-6A52-424B-814C-82A33C8B4282}"
	ProjectSection(ProjectDependencies) = postProject
		{5FF2C499-37EB-495B-A733-9BA1E6BAC290} = {5FF2C499-37EB-495B-A733-9BA1E6BAC290}
		{6BFF67A8-1773-430E-8B6C-3FE002834046} = {6BFF67A8-1773-430E-8B6C-3FE002834046}
		{C1374A7E-7E2F-41B2-842E-D05EF1D890B7} = {C1374A7E-7E2F-41B2-842E-D05EF1D890B7}
	EndProjectSection
EndProject
Project("{FAE04EC0-301F-11D3-BF4B-00C04F79EFBC}") = "TDengine.AspireHosting", "TDengine.AspireHosting\TDengine.AspireHosting.csproj", "{E3A69F5B-5AC9-4B3F-907F-08BAE65FA487}"
EndProject
Project("{2150E333-8FDC-42A3-9474-1A3956D46DE8}") = "SampleProject", "SampleProject", "{02EA681E-C7D8-13C7-8484-4AC65E1B71E8}"
	ProjectSection(SolutionItems) = preProject
		SampleProject\SampleProject.prj = SampleProject\SampleProject.prj
		SampleProject\SampleProject.snp = SampleProject\SampleProject.snp
	EndProjectSection
EndProject
Project("{FAE04EC0-301F-11D3-BF4B-00C04F79EFBC}") = "pva.SuperV.TestContainers", "pva.SuperV.TestContainers\pva.SuperV.TestContainers.csproj", "{823D9BB9-9616-4508-94ED-436E904398B8}"
EndProject
Global
	GlobalSection(SolutionConfigurationPlatforms) = preSolution
		Debug|Any CPU = Debug|Any CPU
		Release|Any CPU = Release|Any CPU
	EndGlobalSection
	GlobalSection(ProjectConfigurationPlatforms) = postSolution
		{5FF2C499-37EB-495B-A733-9BA1E6BAC290}.Debug|Any CPU.ActiveCfg = Debug|Any CPU
		{5FF2C499-37EB-495B-A733-9BA1E6BAC290}.Debug|Any CPU.Build.0 = Debug|Any CPU
		{5FF2C499-37EB-495B-A733-9BA1E6BAC290}.Release|Any CPU.ActiveCfg = Release|Any CPU
		{5FF2C499-37EB-495B-A733-9BA1E6BAC290}.Release|Any CPU.Build.0 = Release|Any CPU
		{B1A7BC08-E7D6-44F2-A52E-5D728F064E7F}.Debug|Any CPU.ActiveCfg = Debug|Any CPU
		{B1A7BC08-E7D6-44F2-A52E-5D728F064E7F}.Debug|Any CPU.Build.0 = Debug|Any CPU
		{B1A7BC08-E7D6-44F2-A52E-5D728F064E7F}.Release|Any CPU.ActiveCfg = Release|Any CPU
		{B1A7BC08-E7D6-44F2-A52E-5D728F064E7F}.Release|Any CPU.Build.0 = Release|Any CPU
		{4A87CADF-4055-47AC-B704-AA169A1A57F4}.Debug|Any CPU.ActiveCfg = Debug|Any CPU
		{4A87CADF-4055-47AC-B704-AA169A1A57F4}.Release|Any CPU.ActiveCfg = Release|Any CPU
		{4A87CADF-4055-47AC-B704-AA169A1A57F4}.Release|Any CPU.Build.0 = Release|Any CPU
		{00370AA6-4092-479F-90B4-201FA641B350}.Debug|Any CPU.ActiveCfg = Debug|Any CPU
		{00370AA6-4092-479F-90B4-201FA641B350}.Debug|Any CPU.Build.0 = Debug|Any CPU
		{00370AA6-4092-479F-90B4-201FA641B350}.Release|Any CPU.ActiveCfg = Release|Any CPU
		{00370AA6-4092-479F-90B4-201FA641B350}.Release|Any CPU.Build.0 = Release|Any CPU
		{C1374A7E-7E2F-41B2-842E-D05EF1D890B7}.Debug|Any CPU.ActiveCfg = Debug|Any CPU
		{C1374A7E-7E2F-41B2-842E-D05EF1D890B7}.Debug|Any CPU.Build.0 = Debug|Any CPU
		{C1374A7E-7E2F-41B2-842E-D05EF1D890B7}.Release|Any CPU.ActiveCfg = Release|Any CPU
		{C1374A7E-7E2F-41B2-842E-D05EF1D890B7}.Release|Any CPU.Build.0 = Release|Any CPU
		{13225DF8-71F7-45F7-88EE-87FDC756869B}.Debug|Any CPU.ActiveCfg = Debug|Any CPU
		{13225DF8-71F7-45F7-88EE-87FDC756869B}.Debug|Any CPU.Build.0 = Debug|Any CPU
		{13225DF8-71F7-45F7-88EE-87FDC756869B}.Release|Any CPU.ActiveCfg = Release|Any CPU
		{13225DF8-71F7-45F7-88EE-87FDC756869B}.Release|Any CPU.Build.0 = Release|Any CPU
		{39700329-AD78-44DC-A582-2245299BABC4}.Debug|Any CPU.ActiveCfg = Debug|Any CPU
		{39700329-AD78-44DC-A582-2245299BABC4}.Debug|Any CPU.Build.0 = Debug|Any CPU
		{39700329-AD78-44DC-A582-2245299BABC4}.Release|Any CPU.ActiveCfg = Release|Any CPU
		{39700329-AD78-44DC-A582-2245299BABC4}.Release|Any CPU.Build.0 = Release|Any CPU
		{68620CA5-55E1-46C4-95BC-D5D23A7D32FE}.Debug|Any CPU.ActiveCfg = Debug|Any CPU
		{68620CA5-55E1-46C4-95BC-D5D23A7D32FE}.Debug|Any CPU.Build.0 = Debug|Any CPU
		{68620CA5-55E1-46C4-95BC-D5D23A7D32FE}.Release|Any CPU.ActiveCfg = Release|Any CPU
		{68620CA5-55E1-46C4-95BC-D5D23A7D32FE}.Release|Any CPU.Build.0 = Release|Any CPU
		{6BFF67A8-1773-430E-8B6C-3FE002834046}.Debug|Any CPU.ActiveCfg = Debug|Any CPU
		{6BFF67A8-1773-430E-8B6C-3FE002834046}.Debug|Any CPU.Build.0 = Debug|Any CPU
		{6BFF67A8-1773-430E-8B6C-3FE002834046}.Release|Any CPU.ActiveCfg = Release|Any CPU
		{6BFF67A8-1773-430E-8B6C-3FE002834046}.Release|Any CPU.Build.0 = Release|Any CPU
		{7E92F3BB-A4B2-4874-AFD3-A88FEB28517C}.Debug|Any CPU.ActiveCfg = Debug|Any CPU
		{7E92F3BB-A4B2-4874-AFD3-A88FEB28517C}.Debug|Any CPU.Build.0 = Debug|Any CPU
		{7E92F3BB-A4B2-4874-AFD3-A88FEB28517C}.Release|Any CPU.ActiveCfg = Release|Any CPU
		{7E92F3BB-A4B2-4874-AFD3-A88FEB28517C}.Release|Any CPU.Build.0 = Release|Any CPU
		{1540F0BA-6A52-424B-814C-82A33C8B4282}.Debug|Any CPU.ActiveCfg = Debug|Any CPU
		{1540F0BA-6A52-424B-814C-82A33C8B4282}.Debug|Any CPU.Build.0 = Debug|Any CPU
		{1540F0BA-6A52-424B-814C-82A33C8B4282}.Release|Any CPU.ActiveCfg = Release|Any CPU
		{1540F0BA-6A52-424B-814C-82A33C8B4282}.Release|Any CPU.Build.0 = Release|Any CPU
		{E3A69F5B-5AC9-4B3F-907F-08BAE65FA487}.Debug|Any CPU.ActiveCfg = Debug|Any CPU
		{E3A69F5B-5AC9-4B3F-907F-08BAE65FA487}.Debug|Any CPU.Build.0 = Debug|Any CPU
		{E3A69F5B-5AC9-4B3F-907F-08BAE65FA487}.Release|Any CPU.ActiveCfg = Release|Any CPU
		{E3A69F5B-5AC9-4B3F-907F-08BAE65FA487}.Release|Any CPU.Build.0 = Release|Any CPU
		{823D9BB9-9616-4508-94ED-436E904398B8}.Debug|Any CPU.ActiveCfg = Debug|Any CPU
		{823D9BB9-9616-4508-94ED-436E904398B8}.Debug|Any CPU.Build.0 = Debug|Any CPU
		{823D9BB9-9616-4508-94ED-436E904398B8}.Release|Any CPU.ActiveCfg = Release|Any CPU
		{823D9BB9-9616-4508-94ED-436E904398B8}.Release|Any CPU.Build.0 = Release|Any CPU
	EndGlobalSection
	GlobalSection(SolutionProperties) = preSolution
		HideSolutionNode = FALSE
	EndGlobalSection
	GlobalSection(NestedProjects) = preSolution
		{02EA681E-C7D8-13C7-8484-4AC65E1B71E8} = {3F372F59-056F-4D2E-B940-8A5BD95DD255}
	EndGlobalSection
	GlobalSection(ExtensibilityGlobals) = postSolution
		SolutionGuid = {57305A2D-A160-4425-8124-33CD5C95C25C}
	EndGlobalSection
EndGlobal
